# Generated by lock.py
ALPINE_DIGEST=@sha256:a4f4213abb84c497377b8544c81b3564f313746700372ec4fe84653e4fb03805
API_IMAGE=ghcr.io/outernet-foundation/placeframe/api:latest@sha256:1ac66edd7d6db29f3cff403c6277fe14c529a3a1e1dfc97074bb9a22b4023e9c
AUTH_INITIALIZER_IMAGE=ghcr.io/outernet-foundation/placeframe/auth-initializer:latest@sha256:9b98836da688f24a8c6cfd81050eb0ac479af11e4551954eeadb35b3fd8c0447
CADDY_DIGEST=@sha256:af32e97399febea808609119bb21544d0265c58a02836576e32a2d082c262c17
CLOUDBEAVER_IMAGE=docker.io/dbeaver/cloudbeaver:latest@sha256:cc2bfb9fd789da14662588470010b4229f74cad902192a2334a883794e16e0d3
CREATE_DATABASE_IMAGE=ghcr.io/outernet-foundation/placeframe/database-manager:latest@sha256:8da2dca40afeb21da9fa0c3fe50a8eb8cf3cce3e1d4c3714a44554adc8bcff1a
DOTNET_ASPNET_DIGEST=@sha256:4b8f0b08534833b39bb662fb19a65e78cb086f5ca8dd35de3f87026de8885be4
DOTNET_SDK_DIGEST=@sha256:aa05b91be697b83229cb000b90120f0783604ad74ed92a0b45cdf3d1a9c873de
GATEWAY_IMAGE=ghcr.io/outernet-foundation/placeframe/gateway:latest@sha256:d22c22202c8e14d66264ddec9abfe2f2d9b8377819c758a0c57b35da8debb3fa
GOLANG_DIGEST=@sha256:1699c10032ca2582ec89a24a1312d986a3f094aed3d5c1147b19880afe40e052
INITIALIZE_CLOUDBEAVER_IMAGE=ghcr.io/outernet-foundation/placeframe/cloudbeaver-initializer:latest@sha256:c0a47897f8190f123ac63a3d026221e3c714a0016491b4aebc932e16ad42db57
INITIALIZE_MINIO_IMAGE=docker.io/minio/mc:latest@sha256:a7fe349ef4bd8521fb8497f55c6042871b2ae640607cf99d9bede5e9bdf11727
KEYCLOAK_IMAGE=quay.io/keycloak/keycloak:26.3.5@sha256:357829ec7c4693397533035092ad13b0644bcc95ded311f33a3738c4d9e9bdba
LOCALIZER_CUDA_IMAGE=ghcr.io/outernet-foundation/placeframe/localizer-cuda:latest@sha256:da2f5e210904a7b0fcada50a86ad4af9baf1d6985cee14008d72349eb1503f7a
LOCALIZER_ROCM_IMAGE=ghcr.io/outernet-foundation/placeframe/localizer-rocm:latest@sha256:ccfe28556f5f6263c3b2f5ddefd94186c8b8b7832d19a7db1d57ff026c12607c
MIGRATE_DATABASE_IMAGE=ghcr.io/outernet-foundation/placeframe/database-migrator:latest@sha256:c0030f2781103b75221892a62997a5f624144df0a5cb62abf2d6ec8724c11733
MINIO_IMAGE=docker.io/minio/minio:latest@sha256:14cea493d9a34af32f524e538b8346cf79f3321eff8e708c1e2960462bd8936e
MINIO_LOGGER_IMAGE=docker.io/minio/mc:latest@sha256:a7fe349ef4bd8521fb8497f55c6042871b2ae640607cf99d9bede5e9bdf11727
NGROK_IMAGE=ngrok/ngrok:alpine@sha256:12e3eda69d0b670755d29eae17133dccb42429473d05e15a4a8c0b3fa22f476a
POSTGRES_BOOKWORM_DIGEST=@sha256:bb6a38138cb49ca6d4de376e06f0959db4e7906c0f5f3cfedb2cfe27d7472a0f
POSTGRES_IMAGE=docker.io/postgis/postgis:16-3.4-alpine@sha256:681931a625df344215e9b8998bf34daf146b6a395ceacee4439eb9c85869239f
RECONSTRUCTOR_CUDA_IMAGE=ghcr.io/outernet-foundation/placeframe/reconstructor-cuda:latest@sha256:a00ce4a43f29a30344c825e8b160d9f35b3b33ef8be469f2cfec45b425f92e46
RECONSTRUCTOR_ROCM_IMAGE=ghcr.io/outernet-foundation/placeframe/reconstructor-rocm:latest@sha256:00ca899dbfbe9278ecf85be6f6abb9e34217d86df2075a4f0b759968b6ff1b38
STATE_SYNC_IMAGE=ghcr.io/outernet-foundation/placeframe/state-sync:latest@sha256:0afbc2f59d0082be80cf5791c06d0bff49ce7411a99816bafb991a9c50b8194f
UV_BASE_DIGEST=@sha256:8802acc1520b49590d75e5823c6586ef2971af0687cc19030be67aabf6b32577
